
Microsoft Visual Studio Solution File, Format Version 12.00
# Visual Studio Version 17
VisualStudioVersion = 17.0.31903.59
MinimumVisualStudioVersion = 10.0.40219.1
Project("{FAE04EC0-301F-11D3-BF4B-00C04F79EFBC}") = "EverybodyCodes", "EverybodyCodes.csproj", "{909408F1-86D2-40BC-A8AF-EB15E2A3AA32}"
EndProject
Project("{2150E333-8FDC-42A3-9474-1A3956D46DE8}") = "lib", "lib", "{3A8DF596-E814-FECC-DD4B-D8EF8AAC1A0D}"
EndProject
Project("{FAE04EC0-301F-11D3-BF4B-00C04F79EFBC}") = "EverybodyCodes.Core", "lib\EverybodyCodes.Core\EverybodyCodes.Core.csproj", "{1098D39B-A414-4C77-94FA-33483A35D98E}"
EndProject
Global
	GlobalSection(SolutionConfigurationPlatforms) = preSolution
		Debug|Any CPU = Debug|Any CPU
		Debug|x64 = Debug|x64
		Debug|x86 = Debug|x86
		Release|Any CPU = Release|Any CPU
		Release|x64 = Release|x64
		Release|x86 = Release|x86
	EndGlobalSection
	GlobalSection(ProjectConfigurationPlatforms) = postSolution
		{909408F1-86D2-40BC-A8AF-EB15E2A3AA32}.Debug|Any CPU.ActiveCfg = Debug|Any CPU
		{909408F1-86D2-40BC-A8AF-EB15E2A3AA32}.Debug|Any CPU.Build.0 = Debug|Any CPU
		{909408F1-86D2-40BC-A8AF-EB15E2A3AA32}.Debug|x64.ActiveCfg = Debug|Any CPU
		{909408F1-86D2-40BC-A8AF-EB15E2A3AA32}.Debug|x64.Build.0 = Debug|Any CPU
		{909408F1-86D2-40BC-A8AF-EB15E2A3AA32}.Debug|x86.ActiveCfg = Debug|Any CPU
		{909408F1-86D2-40BC-A8AF-EB15E2A3AA32}.Debug|x86.Build.0 = Debug|Any CPU
		{909408F1-86D2-40BC-A8AF-EB15E2A3AA32}.Release|Any CPU.ActiveCfg = Release|Any CPU
		{909408F1-86D2-40BC-A8AF-EB15E2A3AA32}.Release|Any CPU.Build.0 = Release|Any CPU
		{909408F1-86D2-40BC-A8AF-EB15E2A3AA32}.Release|x64.ActiveCfg = Release|Any CPU
		{909408F1-86D2-40BC-A8AF-EB15E2A3AA32}.Release|x64.Build.0 = Release|Any CPU
		{909408F1-86D2-40BC-A8AF-EB15E2A3AA32}.Release|x86.ActiveCfg = Release|Any CPU
		{909408F1-86D2-40BC-A8AF-EB15E2A3AA32}.Release|x86.Build.0 = Release|Any CPU
		{1098D39B-A414-4C77-94FA-33483A35D98E}.Debug|Any CPU.ActiveCfg = Debug|Any CPU
		{1098D39B-A414-4C77-94FA-33483A35D98E}.Debug|Any CPU.Build.0 = Debug|Any CPU
		{1098D39B-A414-4C77-94FA-33483A35D98E}.Debug|x64.ActiveCfg = Debug|Any CPU
		{1098D39B-A414-4C77-94FA-33483A35D98E}.Debug|x64.Build.0 = Debug|Any CPU
		{1098D39B-A414-4C77-94FA-33483A35D98E}.Debug|x86.ActiveCfg = Debug|Any CPU
		{1098D39B-A414-4C77-94FA-33483A35D98E}.Debug|x86.Build.0 = Debug|Any CPU
		{1098D39B-A414-4C77-94FA-33483A35D98E}.Release|Any CPU.ActiveCfg = Release|Any CPU
		{1098D39B-A414-4C77-94FA-33483A35D98E}.Release|Any CPU.Build.0 = Release|Any CPU
		{1098D39B-A414-4C77-94FA-33483A35D98E}.Release|x64.ActiveCfg = Release|Any CPU
		{1098D39B-A414-4C77-94FA-33483A35D98E}.Release|x64.Build.0 = Release|Any CPU
		{1098D39B-A414-4C77-94FA-33483A35D98E}.Release|x86.ActiveCfg = Release|Any CPU
		{1098D39B-A414-4C77-94FA-33483A35D98E}.Release|x86.Build.0 = Release|Any CPU
	EndGlobalSection
	GlobalSection(SolutionProperties) = preSolution
		HideSolutionNode = FALSE
	EndGlobalSection
	GlobalSection(NestedProjects) = preSolution
		{1098D39B-A414-4C77-94FA-33483A35D98E} = {3A8DF596-E814-FECC-DD4B-D8EF8AAC1A0D}
	EndGlobalSection
EndGlobal
